# Generated by buf. DO NOT EDIT.
version: v1
deps:
  - remote: buf.build
    owner: envoyproxy
    repository: protoc-gen-validate
    commit: daf171c6cdb54629b5f51e345a79e4dd
    digest: shake256:4ae167d7eed10da5f83a3f5df8c670d249170f11b1f2fd19afda06be2cff4d47dcc95e9e4a15151ecc8ce2d3d3614caf9a04d3ad82fb768a3870dedfa9455f36
  - remote: buf.build
    owner: googleapis
    repository: googleapis
    commit: c17df5b2beca46928cc87d5656bd5343
    digest: shake256:c62ecead9b13485a02893cd678a6c81e40879bf00ea509bbc6fd8f1b2cc33eccf6a85c259b08d1e0f052f693cbfc7dfda236e9665b1d6869b8e1132a794a61e2
  - remote: buf.build
    owner: grpc-ecosystem
    repository: grpc-gateway
    commit: 4836b6d552304e1bbe47e66a523f0daa
    digest: shake256:9747ec8da8c45fe6e0c9860f5495897b28c77b985c2c65a75a54c22f2f1f168039f06925aca6cd8d856a723b60eb80d510d6db1f7d0f3bd27f8d91a8a8c6182c
